# This file is automatically @generated by Poetry and should not be changed by hand.

[[package]]
name = "black"
version = "22.12.0"
description = "The uncompromising code formatter."
category = "dev"
optional = false
python-versions = ">=3.7"
files = [
    {file = "black-22.12.0-cp310-cp310-manylinux_2_17_x86_64.manylinux2014_x86_64.whl", hash = "sha256:9eedd20838bd5d75b80c9f5487dbcb06836a43833a37846cf1d8c1cc01cef59d"},
    {file = "black-22.12.0-cp310-cp310-win_amd64.whl", hash = "sha256:159a46a4947f73387b4d83e87ea006dbb2337eab6c879620a3ba52699b1f4351"},
    {file = "black-22.12.0-cp311-cp311-manylinux_2_17_x86_64.manylinux2014_x86_64.whl", hash = "sha256:d30b212bffeb1e252b31dd269dfae69dd17e06d92b87ad26e23890f3efea366f"},
    {file = "black-22.12.0-cp311-cp311-win_amd64.whl", hash = "sha256:7412e75863aa5c5411886804678b7d083c7c28421210180d67dfd8cf1221e1f4"},
    {file = "black-22.12.0-cp37-cp37m-manylinux_2_17_x86_64.manylinux2014_x86_64.whl", hash = "sha256:c116eed0efb9ff870ded8b62fe9f28dd61ef6e9ddd28d83d7d264a38417dcee2"},
    {file = "black-22.12.0-cp37-cp37m-win_amd64.whl", hash = "sha256:1f58cbe16dfe8c12b7434e50ff889fa479072096d79f0a7f25e4ab8e94cd8350"},
    {file = "black-22.12.0-cp38-cp38-manylinux_2_17_x86_64.manylinux2014_x86_64.whl", hash = "sha256:77d86c9f3db9b1bf6761244bc0b3572a546f5fe37917a044e02f3166d5aafa7d"},
    {file = "black-22.12.0-cp38-cp38-win_amd64.whl", hash = "sha256:82d9fe8fee3401e02e79767016b4907820a7dc28d70d137eb397b92ef3cc5bfc"},
    {file = "black-22.12.0-cp39-cp39-manylinux_2_17_x86_64.manylinux2014_x86_64.whl", hash = "sha256:101c69b23df9b44247bd88e1d7e90154336ac4992502d4197bdac35dd7ee3320"},
    {file = "black-22.12.0-cp39-cp39-win_amd64.whl", hash = "sha256:559c7a1ba9a006226f09e4916060982fd27334ae1998e7a38b3f33a37f7a2148"},
    {file = "black-22.12.0-py3-none-any.whl", hash = "sha256:436cc9167dd28040ad90d3b404aec22cedf24a6e4d7de221bec2730ec0c97bcf"},
    {file = "black-22.12.0.tar.gz", hash = "sha256:229351e5a18ca30f447bf724d007f890f97e13af070bb6ad4c0a441cd7596a2f"},
]

[package.dependencies]
click = ">=8.0.0"
mypy-extensions = ">=0.4.3"
pathspec = ">=0.9.0"
platformdirs = ">=2"
tomli = {version = ">=1.1.0", markers = "python_full_version < \"3.11.0a7\""}

[package.extras]
colorama = ["colorama (>=0.4.3)"]
d = ["aiohttp (>=3.7.4)"]
jupyter = ["ipython (>=7.8.0)", "tokenize-rt (>=3.2.0)"]
uvloop = ["uvloop (>=0.15.2)"]

[[package]]
name = "certifi"
version = "2022.12.7"
description = "Python package for providing Mozilla's CA Bundle."
category = "main"
optional = false
python-versions = ">=3.6"
files = [
    {file = "certifi-2022.12.7-py3-none-any.whl", hash = "sha256:4ad3232f5e926d6718ec31cfc1fcadfde020920e278684144551c91769c7bc18"},
    {file = "certifi-2022.12.7.tar.gz", hash = "sha256:35824b4c3a97115964b408844d64aa14db1cc518f6562e8d7261699d1350a9e3"},
]

[[package]]
name = "charset-normalizer"
version = "2.1.1"
description = "The Real First Universal Charset Detector. Open, modern and actively maintained alternative to Chardet."
category = "main"
optional = false
python-versions = ">=3.6.0"
files = [
    {file = "charset-normalizer-2.1.1.tar.gz", hash = "sha256:5a3d016c7c547f69d6f81fb0db9449ce888b418b5b9952cc5e6e66843e9dd845"},
    {file = "charset_normalizer-2.1.1-py3-none-any.whl", hash = "sha256:83e9a75d1911279afd89352c68b45348559d1fc0506b054b346651b5e7fee29f"},
]

[package.extras]
unicode-backport = ["unicodedata2"]

[[package]]
name = "click"
version = "8.1.3"
description = "Composable command line interface toolkit"
category = "dev"
optional = false
python-versions = ">=3.7"
files = [
    {file = "click-8.1.3-py3-none-any.whl", hash = "sha256:bb4d8133cb15a609f44e8213d9b391b0809795062913b383c62be0ee95b1db48"},
    {file = "click-8.1.3.tar.gz", hash = "sha256:7682dc8afb30297001674575ea00d1814d808d6a36af415a82bd481d37ba7b8e"},
]

[package.dependencies]
colorama = {version = "*", markers = "platform_system == \"Windows\""}

[[package]]
name = "colorama"
version = "0.4.6"
description = "Cross-platform colored terminal text."
category = "dev"
optional = false
python-versions = "!=3.0.*,!=3.1.*,!=3.2.*,!=3.3.*,!=3.4.*,!=3.5.*,!=3.6.*,>=2.7"
files = [
    {file = "colorama-0.4.6-py2.py3-none-any.whl", hash = "sha256:4f1d9991f5acc0ca119f9d443620b77f9d6b33703e51011c16baf57afb285fc6"},
    {file = "colorama-0.4.6.tar.gz", hash = "sha256:08695f5cb7ed6e0531a20572697297273c47b8cae5a63ffc6d6ed5c201be6e44"},
]

[[package]]
name = "flake8"
version = "4.0.1"
description = "the modular source code checker: pep8 pyflakes and co"
category = "dev"
optional = false
python-versions = ">=3.6"
files = [
    {file = "flake8-4.0.1-py2.py3-none-any.whl", hash = "sha256:479b1304f72536a55948cb40a32dce8bb0ffe3501e26eaf292c7e60eb5e0428d"},
    {file = "flake8-4.0.1.tar.gz", hash = "sha256:806e034dda44114815e23c16ef92f95c91e4c71100ff52813adf7132a6ad870d"},
]

[package.dependencies]
mccabe = ">=0.6.0,<0.7.0"
pycodestyle = ">=2.8.0,<2.9.0"
pyflakes = ">=2.4.0,<2.5.0"

[[package]]
name = "idna"
version = "3.4"
description = "Internationalized Domain Names in Applications (IDNA)"
category = "main"
optional = false
python-versions = ">=3.5"
files = [
    {file = "idna-3.4-py3-none-any.whl", hash = "sha256:90b77e79eaa3eba6de819a0c442c0b4ceefc341a7a2ab77d7562bf49f425c5c2"},
    {file = "idna-3.4.tar.gz", hash = "sha256:814f528e8dead7d329833b91c5faa87d60bf71824cd12a7530b5526063d02cb4"},
]

[[package]]
name = "mccabe"
version = "0.6.1"
description = "McCabe checker, plugin for flake8"
category = "dev"
optional = false
python-versions = "*"
files = [
    {file = "mccabe-0.6.1-py2.py3-none-any.whl", hash = "sha256:ab8a6258860da4b6677da4bd2fe5dc2c659cff31b3ee4f7f5d64e79735b80d42"},
    {file = "mccabe-0.6.1.tar.gz", hash = "sha256:dd8d182285a0fe56bace7f45b5e7d1a6ebcbf524e8f3bd87eb0f125271b8831f"},
]

[[package]]
name = "mypy-extensions"
version = "0.4.3"
description = "Experimental type system extensions for programs checked with the mypy typechecker."
category = "dev"
optional = false
python-versions = "*"
files = [
    {file = "mypy_extensions-0.4.3-py2.py3-none-any.whl", hash = "sha256:090fedd75945a69ae91ce1303b5824f428daf5a028d2f6ab8a299250a846f15d"},
    {file = "mypy_extensions-0.4.3.tar.gz", hash = "sha256:2d82818f5bb3e369420cb3c4060a7970edba416647068eb4c5343488a6c604a8"},
]

[[package]]
name = "orjson"
version = "3.8.4"
description = "Fast, correct Python JSON library supporting dataclasses, datetimes, and numpy"
category = "main"
optional = false
python-versions = ">=3.7"
files = [
    {file = "orjson-3.8.4-cp310-cp310-macosx_10_7_x86_64.whl", hash = "sha256:94841c3418b818c8cda01ad632f0e740dad3a5bcbc38609f1fd163f4bd202ef9"},
    {file = "orjson-3.8.4-cp310-cp310-macosx_10_9_x86_64.macosx_11_0_arm64.macosx_10_9_universal2.whl", hash = "sha256:ffb9367d63a4c71cd0432fc5a4e295b0e89b061e90be9f5ff3ffca301ba2dd84"},
    {file = "orjson-3.8.4-cp310-cp310-manylinux_2_17_aarch64.manylinux2014_aarch64.whl", hash = "sha256:74c25f71a41a3a213bee02f496abbc9ebc7cb0c8d1e5c1a5ab77c87b427b3f07"},
    {file = "orjson-3.8.4-cp310-cp310-manylinux_2_17_armv7l.manylinux2014_armv7l.whl", hash = "sha256:30294eeb7417eca85572b64278f5c4fdd72049725d7d23da5042a61c1a2298c9"},
    {file = "orjson-3.8.4-cp310-cp310-manylinux_2_17_x86_64.manylinux2014_x86_64.whl", hash = "sha256:36257f254635da390a9d689214c4cec9ec4ea224c5e2bcdfe97d15a384695be5"},
    {file = "orjson-3.8.4-cp310-cp310-manylinux_2_28_x86_64.whl", hash = "sha256:170a041d0d967e348ab086f1c9765846658cb0e807abe98e8320f665b1c67e9b"},
    {file = "orjson-3.8.4-cp310-cp310-musllinux_1_1_aarch64.whl", hash = "sha256:38df475523ca0f3f88b871821a9fb1a1437dad7c637847e0e7378024c7654473"},
    {file = "orjson-3.8.4-cp310-cp310-musllinux_1_1_x86_64.whl", hash = "sha256:54ade013afcda2f32f98227f0eb3dba4267c6efe7a8abd93bfec6d7af2546370"},
    {file = "orjson-3.8.4-cp310-none-win_amd64.whl", hash = "sha256:b0a8273ebcf363042e7847faaf67f92178aceb3476e374da5432f9e6772c7a80"},
    {file = "orjson-3.8.4-cp311-cp311-macosx_10_7_x86_64.whl", hash = "sha256:4c3c3571118371a5b88a89a0a157b4e98827d3a540c3f683c59d80e71f66195d"},
    {file = "orjson-3.8.4-cp311-cp311-macosx_10_9_x86_64.macosx_11_0_arm64.macosx_10_9_universal2.whl", hash = "sha256:86f71f2abc24b79e74a13f8d4eebb7d03cad43d6a46e2cad6fd5891423f84773"},
    {file = "orjson-3.8.4-cp311-cp311-manylinux_2_17_aarch64.manylinux2014_aarch64.whl", hash = "sha256:1bff66b99ce8ba3d3b39ce10f27a848b3b68d80f64d77b8118d4648fafd2f964"},
    {file = "orjson-3.8.4-cp311-cp311-manylinux_2_17_armv7l.manylinux2014_armv7l.whl", hash = "sha256:49c59a728510a6ef20de59f6262d1415108b323996634d263e4d0d613994fc13"},
    {file = "orjson-3.8.4-cp311-cp311-manylinux_2_17_x86_64.manylinux2014_x86_64.whl", hash = "sha256:27225338f24a6906d254c4b8b3849135af758af55ae1f43e5ccbebcf2097628a"},
    {file = "orjson-3.8.4-cp311-cp311-manylinux_2_28_x86_64.whl", hash = "sha256:0c42fc0ed3f12bc7d0fd61a26899a8ac32deb6622289110b6d7f4d60d47dcff3"},
    {file = "orjson-3.8.4-cp311-none-win_amd64.whl", hash = "sha256:ad6d533ab9ef8b141d6749e7591ee3a3195037c217818e3b3351df1468efc012"},
    {file = "orjson-3.8.4-cp37-cp37m-macosx_10_7_x86_64.whl", hash = "sha256:654e219ace2c942f9d8f3a69935991f8c88efb4a85b074ba917960c800a1e5c8"},
    {file = "orjson-3.8.4-cp37-cp37m-macosx_10_9_x86_64.macosx_11_0_arm64.macosx_10_9_universal2.whl", hash = "sha256:0b57cc7a94b133140c85c3873d22e7a1f8e0d2489619a7e2e8640f9a9edfbc29"},
    {file = "orjson-3.8.4-cp37-cp37m-manylinux_2_17_aarch64.manylinux2014_aarch64.whl", hash = "sha256:447a4c95f849872ac9af137153e8748b3b35d199c03a3bc618da6a3a23681f96"},
    {file = "orjson-3.8.4-cp37-cp37m-manylinux_2_17_armv7l.manylinux2014_armv7l.whl", hash = "sha256:5d47002a88f60a35901925d4085a313647229950d2818044520eb0e30fc9447b"},
    {file = "orjson-3.8.4-cp37-cp37m-manylinux_2_17_x86_64.manylinux2014_x86_64.whl", hash = "sha256:e26422430227e2a8a6d07daee5390fb6510ce67f2b45a1016595e0ca8fb9515b"},
    {file = "orjson-3.8.4-cp37-cp37m-manylinux_2_28_x86_64.whl", hash = "sha256:77034415ceb563d38b5aa9713b8945faed7a5ddf5553a5e0831cee362b81e0b2"},
    {file = "orjson-3.8.4-cp37-cp37m-musllinux_1_1_aarch64.whl", hash = "sha256:486ecbd6548232ee4d533effcd4dbf5cfc547738ce1791f6204e949f1214c0a0"},
    {file = "orjson-3.8.4-cp37-cp37m-musllinux_1_1_x86_64.whl", hash = "sha256:b68f2f7f61b2f85623e0cd02eea04ab358cba9a01370fa8f2e96f1b2b83705b7"},
    {file = "orjson-3.8.4-cp37-none-win_amd64.whl", hash = "sha256:8b18925638936104e1c2bdc555b508733ef83c4c9ac96c5ec6666af6df12c22d"},
    {file = "orjson-3.8.4-cp38-cp38-macosx_10_7_x86_64.whl", hash = "sha256:c834eed62fd184d8c0a707f7d1dbaf57815c4865091bfc220182c83321c773f5"},
    {file = "orjson-3.8.4-cp38-cp38-macosx_10_9_x86_64.macosx_11_0_arm64.macosx_10_9_universal2.whl", hash = "sha256:6b07c1d76db95706e78e904f2329796d0c26ffed5eaea7a1be753ef7032c30dc"},
    {file = "orjson-3.8.4-cp38-cp38-manylinux_2_17_aarch64.manylinux2014_aarch64.whl", hash = "sha256:3cb431a8168510458fa9d3a1a3ed8f56909187db953138080e8c8ef44484adde"},
    {file = "orjson-3.8.4-cp38-cp38-manylinux_2_17_armv7l.manylinux2014_armv7l.whl", hash = "sha256:64d60e21096de30101348de25f20c516289365c056d0987ec76c74f5073af122"},
    {file = "orjson-3.8.4-cp38-cp38-manylinux_2_17_x86_64.manylinux2014_x86_64.whl", hash = "sha256:ceabb527e0641ff23d5ed89f3d9c22f3df2cbe967547d28ea7fdc09c3de1168d"},
    {file = "orjson-3.8.4-cp38-cp38-manylinux_2_28_x86_64.whl", hash = "sha256:16a00f10321b4afacd8ecbe239e4ac8c6a77eb442caeffb638c9a49a653dfa2c"},
    {file = "orjson-3.8.4-cp38-cp38-musllinux_1_1_aarch64.whl", hash = "sha256:e9c0fb49362e79e3db158b8d307ff53adb4a5bd2706e1a4372393a4d661000fb"},
    {file = "orjson-3.8.4-cp38-cp38-musllinux_1_1_x86_64.whl", hash = "sha256:e7f72c7a810977b94d0411a5edf3b0eab7bc5763089ad0a0d639e49f651a0d91"},
    {file = "orjson-3.8.4-cp38-none-win_amd64.whl", hash = "sha256:2e6b088d6a1700fad0ce18715ec309bb7efc8ec6275413e1495261a3bbfbc17a"},
    {file = "orjson-3.8.4-cp39-cp39-macosx_10_7_x86_64.whl", hash = "sha256:5d618f30784321361927a65a6da484ef6da218f62c594987bd4b79f97df55036"},
    {file = "orjson-3.8.4-cp39-cp39-macosx_10_9_x86_64.macosx_11_0_arm64.macosx_10_9_universal2.whl", hash = "sha256:42aee49489de6aa3e9b3280c9a124d2f4a984be7a714cd8b13b27634af817521"},
    {file = "orjson-3.8.4-cp39-cp39-manylinux_2_17_aarch64.manylinux2014_aarch64.whl", hash = "sha256:31f919b370159b3d0c3f38844d66545a4520bc2652c32b9127d02e94f107247e"},
    {file = "orjson-3.8.4-cp39-cp39-manylinux_2_17_armv7l.manylinux2014_armv7l.whl", hash = "sha256:5fd174091a24a5ded94eaa141b1c989ce9dd6a7af8eadd525ef93dc5849cb48e"},
    {file = "orjson-3.8.4-cp39-cp39-manylinux_2_17_x86_64.manylinux2014_x86_64.whl", hash = "sha256:e030e8e50e908a7f8ba02b69c5692e30d9687ad184f0b75bfd8cd57df695093a"},
    {file = "orjson-3.8.4-cp39-cp39-manylinux_2_28_x86_64.whl", hash = "sha256:22b4c6066c1906b8d2a88cec8e8dc138ba2e08b17971419672734ca3ddab1995"},
    {file = "orjson-3.8.4-cp39-cp39-musllinux_1_1_aarch64.whl", hash = "sha256:90ea42189d81dea219dfda58374e2d9f07e1d17052fa33ade07441e5e50d62d2"},
    {file = "orjson-3.8.4-cp39-cp39-musllinux_1_1_x86_64.whl", hash = "sha256:53cc5be7c5c60d7583d71144bdb77171183f015b755ad5ab4a248fc03e61dad7"},
    {file = "orjson-3.8.4-cp39-none-win_amd64.whl", hash = "sha256:c2664d39fa599beb70afe8aa92c7ca905207a0b0aeb7597c038cb42394bd1a0e"},
    {file = "orjson-3.8.4.tar.gz", hash = "sha256:9dcb8d788254936de2791d6d2c29bc41a3dc2c9d9cb4f01c06c0e6d424844593"},
]

[[package]]
name = "pathspec"
version = "0.10.3"
description = "Utility library for gitignore style pattern matching of file paths."
category = "dev"
optional = false
python-versions = ">=3.7"
files = [
    {file = "pathspec-0.10.3-py3-none-any.whl", hash = "sha256:3c95343af8b756205e2aba76e843ba9520a24dd84f68c22b9f93251507509dd6"},
    {file = "pathspec-0.10.3.tar.gz", hash = "sha256:56200de4077d9d0791465aa9095a01d421861e405b5096955051deefd697d6f6"},
]

[[package]]
name = "platformdirs"
version = "2.6.2"
description = "A small Python package for determining appropriate platform-specific dirs, e.g. a \"user data dir\"."
category = "dev"
optional = false
python-versions = ">=3.7"
files = [
    {file = "platformdirs-2.6.2-py3-none-any.whl", hash = "sha256:83c8f6d04389165de7c9b6f0c682439697887bca0aa2f1c87ef1826be3584490"},
    {file = "platformdirs-2.6.2.tar.gz", hash = "sha256:e1fea1fe471b9ff8332e229df3cb7de4f53eeea4998d3b6bfff542115e998bd2"},
]

[package.extras]
docs = ["furo (>=2022.12.7)", "proselint (>=0.13)", "sphinx (>=5.3)", "sphinx-autodoc-typehints (>=1.19.5)"]
test = ["appdirs (==1.4.4)", "covdefaults (>=2.2.2)", "pytest (>=7.2)", "pytest-cov (>=4)", "pytest-mock (>=3.10)"]

[[package]]
name = "pycodestyle"
version = "2.8.0"
description = "Python style guide checker"
category = "dev"
optional = false
python-versions = ">=2.7, !=3.0.*, !=3.1.*, !=3.2.*, !=3.3.*, !=3.4.*"
files = [
    {file = "pycodestyle-2.8.0-py2.py3-none-any.whl", hash = "sha256:720f8b39dde8b293825e7ff02c475f3077124006db4f440dcbc9a20b76548a20"},
    {file = "pycodestyle-2.8.0.tar.gz", hash = "sha256:eddd5847ef438ea1c7870ca7eb78a9d47ce0cdb4851a5523949f2601d0cbbe7f"},
]

[[package]]
name = "pyflakes"
version = "2.4.0"
description = "passive checker of Python programs"
category = "dev"
optional = false
python-versions = ">=2.7, !=3.0.*, !=3.1.*, !=3.2.*, !=3.3.*"
files = [
    {file = "pyflakes-2.4.0-py2.py3-none-any.whl", hash = "sha256:3bb3a3f256f4b7968c9c788781e4ff07dce46bdf12339dcda61053375426ee2e"},
    {file = "pyflakes-2.4.0.tar.gz", hash = "sha256:05a85c2872edf37a4ed30b0cce2f6093e1d0581f8c19d7393122da7e25b2b24c"},
]

[[package]]
name = "requests"
version = "2.28.1"
description = "Python HTTP for Humans."
category = "main"
optional = false
python-versions = ">=3.7, <4"
files = [
    {file = "requests-2.28.1-py3-none-any.whl", hash = "sha256:8fefa2a1a1365bf5520aac41836fbee479da67864514bdb821f31ce07ce65349"},
    {file = "requests-2.28.1.tar.gz", hash = "sha256:7c5599b102feddaa661c826c56ab4fee28bfd17f5abca1ebbe3e7f19d7c97983"},
]

[package.dependencies]
certifi = ">=2017.4.17"
charset-normalizer = ">=2,<3"
idna = ">=2.5,<4"
urllib3 = ">=1.21.1,<1.27"

[package.extras]
socks = ["PySocks (>=1.5.6,!=1.5.7)"]
use-chardet-on-py3 = ["chardet (>=3.0.2,<6)"]

[[package]]
name = "tomli"
version = "2.0.1"
description = "A lil' TOML parser"
category = "dev"
optional = false
python-versions = ">=3.7"
files = [
    {file = "tomli-2.0.1-py3-none-any.whl", hash = "sha256:939de3e7a6161af0c887ef91b7d41a53e7c5a1ca976325f429cb46ea9bc30ecc"},
    {file = "tomli-2.0.1.tar.gz", hash = "sha256:de526c12914f0c550d15924c62d72abc48d6fe7364aa87328337a31007fe8a4f"},
]

[[package]]
name = "urllib3"
version = "1.26.13"
description = "HTTP library with thread-safe connection pooling, file post, and more."
category = "main"
optional = false
python-versions = ">=2.7, !=3.0.*, !=3.1.*, !=3.2.*, !=3.3.*, !=3.4.*, !=3.5.*"
files = [
    {file = "urllib3-1.26.13-py2.py3-none-any.whl", hash = "sha256:47cc05d99aaa09c9e72ed5809b60e7ba354e64b59c9c173ac3018642d8bb41fc"},
    {file = "urllib3-1.26.13.tar.gz", hash = "sha256:c083dd0dce68dbfbe1129d5271cb90f9447dea7d52097c6e0126120c521ddea8"},
]

[package.extras]
brotli = ["brotli (>=1.0.9)", "brotlicffi (>=0.8.0)", "brotlipy (>=0.6.0)"]
secure = ["certifi", "cryptography (>=1.3.4)", "idna (>=2.0.0)", "ipaddress", "pyOpenSSL (>=0.14)", "urllib3-secure-extra"]
socks = ["PySocks (>=1.5.6,!=1.5.7,<2.0)"]

[metadata]
lock-version = "2.0"
python-versions = "^3.10"
content-hash = "3cb9b95584d8bb1a5a9bb81c073de8bf0b86a8efcd89b75c64f46079b1302798"
