{
    "_meta": {
        "hash": {
            "sha256": "4db717439f0504143b1ee30d08f6856e5488121222da0620f57f55c9f8203c2b"
        },
        "pipfile-spec": 6,
        "requires": {
            "python_version": "3.9"
        },
        "sources": [
            {
                "name": "pypi",
                "url": "https://pypi.org/simple",
                "verify_ssl": true
            }
        ]
    },
    "default": {
        "pysimplegui": {
            "hashes": [
                "sha256:cf42d9f61f28c8e790a9c031ce900a9cee5fd2f950da2f055ed36bbc487dcf11",
                "sha256:f6ed99b0f38344593d946a94a1f6ae5ee93b75058acb03f43f42d6ebd186eeeb"
            ],
            "index": "pypi",
            "version": "==4.41.2"
        }
    },
    "develop": {}
}
